// !$*UTF8*$!
{
	archiveVersion = 1;
	classes = {
	};
	objectVersion = 45;
	objects = {

/* Begin PBXBuildFile section */
		8021225C0FBE233900DD9A3B /* HeySubstrateView.h in Headers */ = {isa = PBXBuildFile; fileRef = 802122580FBE233900DD9A3B /* HeySubstrateView.h */; };
		8021225D0FBE233900DD9A3B /* HeySubstrateView.m in Sources */ = {isa = PBXBuildFile; fileRef = 802122590FBE233900DD9A3B /* HeySubstrateView.m */; };
		80964F8E09E2D65900BD7727 /* SubstrateMacOptions.nib in Resources */ = {isa = PBXBuildFile; fileRef = 80964F8D09E2D65900BD7727 /* SubstrateMacOptions.nib */; };
		80B7DDFD0FCF7FCE0062FDAB /* NSColor-HeyNSColor.h in Headers */ = {isa = PBXBuildFile; fileRef = 80B7DDFB0FCF7FCE0062FDAB /* NSColor-HeyNSColor.h */; };
		80B7DDFE0FCF7FCE0062FDAB /* NSColor-HeyNSColor.m in Sources */ = {isa = PBXBuildFile; fileRef = 80B7DDFC0FCF7FCE0062FDAB /* NSColor-HeyNSColor.m */; };
		80B7DE090FCF81B70062FDAB /* HeySubstrate.m in Sources */ = {isa = PBXBuildFile; fileRef = 80B7DE080FCF81B70062FDAB /* HeySubstrate.m */; };
		80B7DE0C0FCF81F50062FDAB /* HeySubstrate.h in Headers */ = {isa = PBXBuildFile; fileRef = 80B7DE0B0FCF81F50062FDAB /* HeySubstrate.h */; };
		80B7DE440FCF8A080062FDAB /* HeySubstrateCrack.h in Headers */ = {isa = PBXBuildFile; fileRef = 80B7DE400FCF8A080062FDAB /* HeySubstrateCrack.h */; };
		80B7DE450FCF8A080062FDAB /* HeySubstrateCrack.m in Sources */ = {isa = PBXBuildFile; fileRef = 80B7DE410FCF8A080062FDAB /* HeySubstrateCrack.m */; };
		80EA60EC09F7295400AF42C1 /* Accelerate.framework in Frameworks */ = {isa = PBXBuildFile; fileRef = 80EA601509F6B93C00AF42C1 /* Accelerate.framework */; };
		8D255AC70486D3F9007BF209 /* SubstrateMac_Prefix.pch in Headers */ = {isa = PBXBuildFile; fileRef = 32DBCFA80370C50100C91783 /* SubstrateMac_Prefix.pch */; };
		8D255ACA0486D3F9007BF209 /* InfoPlist.strings in Resources */ = {isa = PBXBuildFile; fileRef = 089C167DFE841241C02AAC07 /* InfoPlist.strings */; };
		8D255ACE0486D3F9007BF209 /* Cocoa.framework in Frameworks */ = {isa = PBXBuildFile; fileRef = 1058C7ADFEA557BF11CA2CBB /* Cocoa.framework */; };
		8D255ACF0486D3F9007BF209 /* ScreenSaver.framework in Frameworks */ = {isa = PBXBuildFile; fileRef = 06F27B2DFFEEEFEF11CA0E56 /* ScreenSaver.framework */; };
/* End PBXBuildFile section */

/* Begin PBXFileReference section */
		06F27B2DFFEEEFEF11CA0E56 /* ScreenSaver.framework */ = {isa = PBXFileReference; lastKnownFileType = wrapper.framework; name = ScreenSaver.framework; path = /System/Library/Frameworks/ScreenSaver.framework; sourceTree = "<absolute>"; };
		089C1672FE841209C02AAC07 /* Foundation.framework */ = {isa = PBXFileReference; lastKnownFileType = wrapper.framework; name = Foundation.framework; path = /System/Library/Frameworks/Foundation.framework; sourceTree = "<absolute>"; };
		089C167EFE841241C02AAC07 /* English */ = {isa = PBXFileReference; fileEncoding = 10; lastKnownFileType = text.plist.strings; name = English; path = English.lproj/InfoPlist.strings; sourceTree = "<group>"; };
		089C167FFE841241C02AAC07 /* AppKit.framework */ = {isa = PBXFileReference; lastKnownFileType = wrapper.framework; name = AppKit.framework; path = /System/Library/Frameworks/AppKit.framework; sourceTree = "<absolute>"; };
		1058C7ADFEA557BF11CA2CBB /* Cocoa.framework */ = {isa = PBXFileReference; lastKnownFileType = wrapper.framework; name = Cocoa.framework; path = /System/Library/Frameworks/Cocoa.framework; sourceTree = "<absolute>"; };
		32DBCFA80370C50100C91783 /* SubstrateMac_Prefix.pch */ = {isa = PBXFileReference; fileEncoding = 4; lastKnownFileType = sourcecode.c.h; name = SubstrateMac_Prefix.pch; path = sources/mac/SubstrateMac_Prefix.pch; sourceTree = "<group>"; };
		802122580FBE233900DD9A3B /* HeySubstrateView.h */ = {isa = PBXFileReference; fileEncoding = 4; lastKnownFileType = sourcecode.c.h; name = HeySubstrateView.h; path = sources/HeySubstrateView.h; sourceTree = "<group>"; };
		802122590FBE233900DD9A3B /* HeySubstrateView.m */ = {isa = PBXFileReference; fileEncoding = 4; lastKnownFileType = sourcecode.c.objc; name = HeySubstrateView.m; path = sources/HeySubstrateView.m; sourceTree = "<group>"; };
		80964F8D09E2D65900BD7727 /* SubstrateMacOptions.nib */ = {isa = PBXFileReference; lastKnownFileType = wrapper.nib; name = SubstrateMacOptions.nib; path = resources/mac/SubstrateMacOptions.nib; sourceTree = "<group>"; };
		80B7DDFB0FCF7FCE0062FDAB /* NSColor-HeyNSColor.h */ = {isa = PBXFileReference; fileEncoding = 4; lastKnownFileType = sourcecode.c.h; name = "NSColor-HeyNSColor.h"; path = "../HeyDaddioUtilityLibrary/sources/NSColor-HeyNSColor.h"; sourceTree = SOURCE_ROOT; };
		80B7DDFC0FCF7FCE0062FDAB /* NSColor-HeyNSColor.m */ = {isa = PBXFileReference; fileEncoding = 4; lastKnownFileType = sourcecode.c.objc; name = "NSColor-HeyNSColor.m"; path = "../HeyDaddioUtilityLibrary/sources/NSColor-HeyNSColor.m"; sourceTree = SOURCE_ROOT; };
		80B7DE080FCF81B70062FDAB /* HeySubstrate.m */ = {isa = PBXFileReference; fileEncoding = 4; lastKnownFileType = sourcecode.c.objc; name = HeySubstrate.m; path = sources/HeySubstrate.m; sourceTree = "<group>"; };
		80B7DE0B0FCF81F50062FDAB /* HeySubstrate.h */ = {isa = PBXFileReference; fileEncoding = 4; lastKnownFileType = sourcecode.c.h; name = HeySubstrate.h; path = sources/HeySubstrate.h; sourceTree = "<group>"; };
		80B7DE400FCF8A080062FDAB /* HeySubstrateCrack.h */ = {isa = PBXFileReference; fileEncoding = 4; lastKnownFileType = sourcecode.c.h; name = HeySubstrateCrack.h; path = sources/HeySubstrateCrack.h; sourceTree = "<group>"; };
		80B7DE410FCF8A080062FDAB /* HeySubstrateCrack.m */ = {isa = PBXFileReference; fileEncoding = 4; lastKnownFileType = sourcecode.c.objc; name = HeySubstrateCrack.m; path = sources/HeySubstrateCrack.m; sourceTree = "<group>"; };
		80EA601509F6B93C00AF42C1 /* Accelerate.framework */ = {isa = PBXFileReference; lastKnownFileType = wrapper.framework; name = Accelerate.framework; path = /System/Library/Frameworks/Accelerate.framework; sourceTree = "<absolute>"; };
		8D255AD20486D3F9007BF209 /* Info.plist */ = {isa = PBXFileReference; fileEncoding = 4; lastKnownFileType = text.plist.xml; name = Info.plist; path = resources/mac/Info.plist; sourceTree = "<group>"; };
		8D255AD30486D3F9007BF209 /* SubstrateMac.saver */ = {isa = PBXFileReference; explicitFileType = wrapper.cfbundle; includeInIndex = 0; path = SubstrateMac.saver; sourceTree = BUILT_PRODUCTS_DIR; };
/* End PBXFileReference section */

/* Begin PBXFrameworksBuildPhase section */
		8D255ACD0486D3F9007BF209 /* Frameworks */ = {
			isa = PBXFrameworksBuildPhase;
			buildActionMask = 2147483647;
			files = (
				8D255ACE0486D3F9007BF209 /* Cocoa.framework in Frameworks */,
				8D255ACF0486D3F9007BF209 /* ScreenSaver.framework in Frameworks */,
				80EA60EC09F7295400AF42C1 /* Accelerate.framework in Frameworks */,
			);
			runOnlyForDeploymentPostprocessing = 0;
		};
/* End PBXFrameworksBuildPhase section */

/* Begin PBXGroup section */
		089C166AFE841209C02AAC07 /* SubstrateMac */ = {
			isa = PBXGroup;
			children = (
				80B7DDFA0FCF7FA90062FDAB /* Hey Daddio Utility */,
				08FB77AFFE84173DC02AAC07 /* Common Sources */,
				32DBCFA70370C4F300C91783 /* Other Sources */,
				089C167CFE841241C02AAC07 /* Resources */,
				089C1671FE841209C02AAC07 /* Frameworks and Libraries */,
				19C28FB8FE9D52D311CA2CBB /* Products */,
			);
			comments = "Release builds should have link-time optimization turned on. But currently (10.6 10A380), it causes duplicate symbol errors at link time.";
			name = SubstrateMac;
			sourceTree = "<group>";
		};
		089C1671FE841209C02AAC07 /* Frameworks and Libraries */ = {
			isa = PBXGroup;
			children = (
				1058C7ACFEA557BF11CA2CBB /* Linked Frameworks */,
				1058C7AEFEA557BF11CA2CBB /* Other Frameworks */,
			);
			name = "Frameworks and Libraries";
			sourceTree = "<group>";
		};
		089C167CFE841241C02AAC07 /* Resources */ = {
			isa = PBXGroup;
			children = (
				80964F8D09E2D65900BD7727 /* SubstrateMacOptions.nib */,
				8D255AD20486D3F9007BF209 /* Info.plist */,
				089C167DFE841241C02AAC07 /* InfoPlist.strings */,
			);
			name = Resources;
			sourceTree = "<group>";
		};
		08FB77AFFE84173DC02AAC07 /* Common Sources */ = {
			isa = PBXGroup;
			children = (
				80B7DE400FCF8A080062FDAB /* HeySubstrateCrack.h */,
				80B7DE410FCF8A080062FDAB /* HeySubstrateCrack.m */,
				80B7DE0B0FCF81F50062FDAB /* HeySubstrate.h */,
				80B7DE080FCF81B70062FDAB /* HeySubstrate.m */,
				802122580FBE233900DD9A3B /* HeySubstrateView.h */,
				802122590FBE233900DD9A3B /* HeySubstrateView.m */,
			);
			name = "Common Sources";
			sourceTree = "<group>";
		};
		1058C7ACFEA557BF11CA2CBB /* Linked Frameworks */ = {
			isa = PBXGroup;
			children = (
				80EA601509F6B93C00AF42C1 /* Accelerate.framework */,
				1058C7ADFEA557BF11CA2CBB /* Cocoa.framework */,
				06F27B2DFFEEEFEF11CA0E56 /* ScreenSaver.framework */,
			);
			name = "Linked Frameworks";
			sourceTree = "<group>";
		};
		1058C7AEFEA557BF11CA2CBB /* Other Frameworks */ = {
			isa = PBXGroup;
			children = (
				089C1672FE841209C02AAC07 /* Foundation.framework */,
				089C167FFE841241C02AAC07 /* AppKit.framework */,
			);
			name = "Other Frameworks";
			sourceTree = "<group>";
		};
		19C28FB8FE9D52D311CA2CBB /* Products */ = {
			isa = PBXGroup;
			children = (
				8D255AD30486D3F9007BF209 /* SubstrateMac.saver */,
			);
			name = Products;
			sourceTree = "<group>";
		};
		32DBCFA70370C4F300C91783 /* Other Sources */ = {
			isa = PBXGroup;
			children = (
				32DBCFA80370C50100C91783 /* SubstrateMac_Prefix.pch */,
			);
			name = "Other Sources";
			sourceTree = "<group>";
		};
		80B7DDFA0FCF7FA90062FDAB /* Hey Daddio Utility */ = {
			isa = PBXGroup;
			children = (
				80B7DDFB0FCF7FCE0062FDAB /* NSColor-HeyNSColor.h */,
				80B7DDFC0FCF7FCE0062FDAB /* NSColor-HeyNSColor.m */,
			);
			name = "Hey Daddio Utility";
			sourceTree = "<group>";
		};
/* End PBXGroup section */

/* Begin PBXHeadersBuildPhase section */
		8D255AC60486D3F9007BF209 /* Headers */ = {
			isa = PBXHeadersBuildPhase;
			buildActionMask = 2147483647;
			files = (
				8D255AC70486D3F9007BF209 /* SubstrateMac_Prefix.pch in Headers */,
				8021225C0FBE233900DD9A3B /* HeySubstrateView.h in Headers */,
				80B7DDFD0FCF7FCE0062FDAB /* NSColor-HeyNSColor.h in Headers */,
				80B7DE0C0FCF81F50062FDAB /* HeySubstrate.h in Headers */,
				80B7DE440FCF8A080062FDAB /* HeySubstrateCrack.h in Headers */,
			);
			runOnlyForDeploymentPostprocessing = 0;
		};
/* End PBXHeadersBuildPhase section */

/* Begin PBXNativeTarget section */
		8D255AC50486D3F9007BF209 /* SubstrateMac */ = {
			isa = PBXNativeTarget;
			buildConfigurationList = EF7AD72D08BB986600CE4634 /* Build configuration list for PBXNativeTarget "SubstrateMac" */;
			buildPhases = (
				8D255AC60486D3F9007BF209 /* Headers */,
				8D255AC90486D3F9007BF209 /* Resources */,
				8D255ACB0486D3F9007BF209 /* Sources */,
				8D255ACD0486D3F9007BF209 /* Frameworks */,
				8D255AD00486D3F9007BF209 /* Rez */,
				80EA5F1509F1E38D00AF42C1 /* ShellScript */,
			);
			buildRules = (
			);
			dependencies = (
			);
			name = SubstrateMac;
			productInstallPath = "$(HOME)/Library/Screen Savers";
			productName = SubstrateMac;
			productReference = 8D255AD30486D3F9007BF209 /* SubstrateMac.saver */;
			productType = "com.apple.product-type.bundle";
		};
/* End PBXNativeTarget section */

/* Begin PBXProject section */
		089C1669FE841209C02AAC07 /* Project object */ = {
			isa = PBXProject;
			attributes = {
				ORGANIZATIONNAME = "Hey Daddio, Inc.";
			};
			buildConfigurationList = EF7AD73108BB986600CE4634 /* Build configuration list for PBXProject "SubstrateMac" */;
			compatibilityVersion = "Xcode 3.1";
			hasScannedForEncodings = 1;
			mainGroup = 089C166AFE841209C02AAC07 /* SubstrateMac */;
			projectDirPath = "";
			projectRoot = "";
			targets = (
				8D255AC50486D3F9007BF209 /* SubstrateMac */,
			);
		};
/* End PBXProject section */

/* Begin PBXResourcesBuildPhase section */
		8D255AC90486D3F9007BF209 /* Resources */ = {
			isa = PBXResourcesBuildPhase;
			buildActionMask = 2147483647;
			files = (
				8D255ACA0486D3F9007BF209 /* InfoPlist.strings in Resources */,
				80964F8E09E2D65900BD7727 /* SubstrateMacOptions.nib in Resources */,
			);
			runOnlyForDeploymentPostprocessing = 0;
		};
/* End PBXResourcesBuildPhase section */

/* Begin PBXRezBuildPhase section */
		8D255AD00486D3F9007BF209 /* Rez */ = {
			isa = PBXRezBuildPhase;
			buildActionMask = 2147483647;
			files = (
			);
			runOnlyForDeploymentPostprocessing = 0;
		};
/* End PBXRezBuildPhase section */

/* Begin PBXShellScriptBuildPhase section */
		80EA5F1509F1E38D00AF42C1 /* ShellScript */ = {
			isa = PBXShellScriptBuildPhase;
			buildActionMask = 2147483647;
			comments = "Replace 10.4-specific PPC part of Universal binary with separately-compiled PPC that will run on Mac OS X back to version 10.2\n";
			files = (
			);
			inputPaths = (
				"$(SYMROOT)/Release/SubstrateMac.saver/Contents/MacOS/SubstrateMac",
				"$(SYMROOT)/Release/SubstrateMacPPC.saver/Contents/MacOS/SubstrateMacPPC",
			);
			outputPaths = (
			);
			runOnlyForDeploymentPostprocessing = 0;
			shellPath = /bin/sh;
			shellScript = "#UNIPATH=\"$SYMROOT/Release/SubstrateMac.saver/Contents/MacOS\"\n#PPCPATH=\"$SYMROOT/Release/SubstrateMacPPC.saver/Contents/MacOS\"\n#\n#lipo \"$UNIPATH/SubstrateMac\" -replace ppc \"$PPCPATH/SubstrateMacPPC\" -output \"$UNIPATH/SubstrateMac.uni\"\n#mv \"$UNIPATH/SubstrateMac\" \"$UNIPATH/SubstrateMac.old\"\n#mv \"$UNIPATH/SubstrateMac.uni\" \"$UNIPATH/SubstrateMac\"\n#rm \"$UNIPATH/SubstrateMac.old\"\n";
		};
/* End PBXShellScriptBuildPhase section */

/* Begin PBXSourcesBuildPhase section */
		8D255ACB0486D3F9007BF209 /* Sources */ = {
			isa = PBXSourcesBuildPhase;
			buildActionMask = 2147483647;
			files = (
				8021225D0FBE233900DD9A3B /* HeySubstrateView.m in Sources */,
				80B7DDFE0FCF7FCE0062FDAB /* NSColor-HeyNSColor.m in Sources */,
				80B7DE090FCF81B70062FDAB /* HeySubstrate.m in Sources */,
				80B7DE450FCF8A080062FDAB /* HeySubstrateCrack.m in Sources */,
			);
			runOnlyForDeploymentPostprocessing = 0;
		};
/* End PBXSourcesBuildPhase section */

/* Begin PBXVariantGroup section */
		089C167DFE841241C02AAC07 /* InfoPlist.strings */ = {
			isa = PBXVariantGroup;
			children = (
				089C167EFE841241C02AAC07 /* English */,
			);
			name = InfoPlist.strings;
			path = resources/mac;
			sourceTree = "<group>";
		};
/* End PBXVariantGroup section */

/* Begin XCBuildConfiguration section */
		EF7AD72E08BB986600CE4634 /* Debug */ = {
			isa = XCBuildConfiguration;
			buildSettings = {
				GCC_PRECOMPILE_PREFIX_HEADER = YES;
				GCC_PREFIX_HEADER = sources/mac/SubstrateMac_Prefix.pch;
				INFOPLIST_FILE = resources/mac/Info.plist;
				INSTALL_PATH = "$(HOME)/Library/Screen Savers";
				PRODUCT_NAME = SubstrateMac;
				WRAPPER_EXTENSION = saver;
			};
			name = Debug;
		};
		EF7AD72F08BB986600CE4634 /* Release */ = {
			isa = XCBuildConfiguration;
			buildSettings = {
				GCC_PRECOMPILE_PREFIX_HEADER = YES;
				GCC_PREFIX_HEADER = sources/mac/SubstrateMac_Prefix.pch;
				INFOPLIST_FILE = resources/mac/Info.plist;
				INSTALL_PATH = "$(HOME)/Library/Screen Savers";
				PRODUCT_NAME = SubstrateMac;
				WRAPPER_EXTENSION = saver;
			};
			name = Release;
		};
		EF7AD73208BB986600CE4634 /* Debug */ = {
			isa = XCBuildConfiguration;
			buildSettings = {
				ARCHS = "$(ARCHS_STANDARD_32_64_BIT)";
				COPY_PHASE_STRIP = NO;
				DEAD_CODE_STRIPPING = YES;
				DEBUG_INFORMATION_FORMAT = "dwarf-with-dsym";
				GCC_ALTIVEC_EXTENSIONS = YES;
				GCC_C_LANGUAGE_STANDARD = gnu99;
				GCC_ENABLE_FIX_AND_CONTINUE = YES;
				GCC_ENABLE_OBJC_GC = supported;
				GCC_OPTIMIZATION_LEVEL = 0;
				GCC_TREAT_IMPLICIT_FUNCTION_DECLARATIONS_AS_ERRORS = YES;
				GCC_TREAT_NONCONFORMANT_CODE_ERRORS_AS_WARNINGS = NO;
				GCC_TREAT_WARNINGS_AS_ERRORS = NO;
				GCC_VERSION = com.apple.compilers.llvm.clang.1_0;
				GCC_WARN_64_TO_32_BIT_CONVERSION = YES;
				GCC_WARN_ABOUT_DEPRECATED_FUNCTIONS = YES;
				GCC_WARN_ABOUT_INVALID_OFFSETOF_MACRO = YES;
				GCC_WARN_ABOUT_MISSING_FIELD_INITIALIZERS = YES;
				GCC_WARN_ABOUT_MISSING_NEWLINE = YES;
				GCC_WARN_ABOUT_MISSING_PROTOTYPES = YES;
				GCC_WARN_ABOUT_POINTER_SIGNEDNESS = YES;
				GCC_WARN_ABOUT_RETURN_TYPE = YES;
				GCC_WARN_ALLOW_INCOMPLETE_PROTOCOL = YES;
				GCC_WARN_CHECK_SWITCH_STATEMENTS = YES;
				GCC_WARN_EFFECTIVE_CPLUSPLUS_VIOLATIONS = YES;
				GCC_WARN_FOUR_CHARACTER_CONSTANTS = NO;
				GCC_WARN_HIDDEN_VIRTUAL_FUNCTIONS = YES;
				GCC_WARN_INHIBIT_ALL_WARNINGS = NO;
				GCC_WARN_INITIALIZER_NOT_FULLY_BRACKETED = YES;
				GCC_WARN_MISSING_PARENTHESES = YES;
				GCC_WARN_MULTIPLE_DEFINITION_TYPES_FOR_SELECTOR = NO;
				GCC_WARN_NON_VIRTUAL_DESTRUCTOR = YES;
				GCC_WARN_PEDANTIC = NO;
				GCC_WARN_PROTOTYPE_CONVERSION = NO;
				GCC_WARN_SHADOW = YES;
				GCC_WARN_SIGN_COMPARE = YES;
				GCC_WARN_STRICT_SELECTOR_MATCH = NO;
				GCC_WARN_TYPECHECK_CALLS_TO_PRINTF = YES;
				GCC_WARN_UNDECLARED_SELECTOR = NO;
				GCC_WARN_UNINITIALIZED_AUTOS = NO;
				GCC_WARN_UNKNOWN_PRAGMAS = NO;
				GCC_WARN_UNUSED_FUNCTION = YES;
				GCC_WARN_UNUSED_LABEL = YES;
				GCC_WARN_UNUSED_PARAMETER = YES;
				GCC_WARN_UNUSED_VALUE = YES;
				GCC_WARN_UNUSED_VARIABLE = YES;
				"MACOSX_DEPLOYMENT_TARGET[arch=i386]" = 10.4;
				"MACOSX_DEPLOYMENT_TARGET[arch=ppc]" = 10.4;
				ONLY_ACTIVE_ARCH = YES;
				PRESERVE_DEAD_CODE_INITS_AND_TERMS = YES;
				SDKROOT = macosx10.6;
				STRIP_INSTALLED_PRODUCT = NO;
				WARNING_CFLAGS = (
					"-Wall",
					"-Wextra",
				);
			};
			name = Debug;
		};
		EF7AD73308BB986600CE4634 /* Release */ = {
			isa = XCBuildConfiguration;
			buildSettings = {
				ARCHS = "$(ARCHS_STANDARD_32_64_BIT)";
				COPY_PHASE_STRIP = YES;
				DEAD_CODE_STRIPPING = YES;
				DEBUG_INFORMATION_FORMAT = "dwarf-with-dsym";
				GCC_ALTIVEC_EXTENSIONS = YES;
				GCC_C_LANGUAGE_STANDARD = gnu99;
				GCC_ENABLE_OBJC_GC = supported;
				GCC_TREAT_IMPLICIT_FUNCTION_DECLARATIONS_AS_ERRORS = YES;
				GCC_TREAT_NONCONFORMANT_CODE_ERRORS_AS_WARNINGS = NO;
				GCC_TREAT_WARNINGS_AS_ERRORS = NO;
				GCC_VERSION = com.apple.compilers.llvm.clang.1_0;
				GCC_WARN_64_TO_32_BIT_CONVERSION = YES;
				GCC_WARN_ABOUT_DEPRECATED_FUNCTIONS = YES;
				GCC_WARN_ABOUT_INVALID_OFFSETOF_MACRO = YES;
				GCC_WARN_ABOUT_MISSING_FIELD_INITIALIZERS = YES;
				GCC_WARN_ABOUT_MISSING_NEWLINE = YES;
				GCC_WARN_ABOUT_MISSING_PROTOTYPES = YES;
				GCC_WARN_ABOUT_POINTER_SIGNEDNESS = YES;
				GCC_WARN_ABOUT_RETURN_TYPE = YES;
				GCC_WARN_ALLOW_INCOMPLETE_PROTOCOL = YES;
				GCC_WARN_CHECK_SWITCH_STATEMENTS = YES;
				GCC_WARN_EFFECTIVE_CPLUSPLUS_VIOLATIONS = YES;
				GCC_WARN_FOUR_CHARACTER_CONSTANTS = NO;
				GCC_WARN_HIDDEN_VIRTUAL_FUNCTIONS = YES;
				GCC_WARN_INHIBIT_ALL_WARNINGS = NO;
				GCC_WARN_INITIALIZER_NOT_FULLY_BRACKETED = YES;
				GCC_WARN_MISSING_PARENTHESES = YES;
				GCC_WARN_MULTIPLE_DEFINITION_TYPES_FOR_SELECTOR = NO;
				GCC_WARN_NON_VIRTUAL_DESTRUCTOR = YES;
				GCC_WARN_PEDANTIC = NO;
				GCC_WARN_PROTOTYPE_CONVERSION = NO;
				GCC_WARN_SHADOW = YES;
				GCC_WARN_SIGN_COMPARE = YES;
				GCC_WARN_STRICT_SELECTOR_MATCH = NO;
				GCC_WARN_TYPECHECK_CALLS_TO_PRINTF = YES;
				GCC_WARN_UNDECLARED_SELECTOR = NO;
				GCC_WARN_UNINITIALIZED_AUTOS = YES;
				GCC_WARN_UNKNOWN_PRAGMAS = NO;
				GCC_WARN_UNUSED_FUNCTION = YES;
				GCC_WARN_UNUSED_LABEL = YES;
				GCC_WARN_UNUSED_PARAMETER = YES;
				GCC_WARN_UNUSED_VALUE = YES;
				GCC_WARN_UNUSED_VARIABLE = YES;
				LLVM_LTO = NO;
				"MACOSX_DEPLOYMENT_TARGET[arch=i386]" = 10.4;
				"MACOSX_DEPLOYMENT_TARGET[arch=ppc]" = 10.4;
				PRESERVE_DEAD_CODE_INITS_AND_TERMS = YES;
				SDKROOT = macosx10.6;
				STRIP_INSTALLED_PRODUCT = YES;
				WARNING_CFLAGS = (
					"-Wall",
					"-Wextra",
				);
			};
			name = Release;
		};
/* End XCBuildConfiguration section */

/* Begin XCConfigurationList section */
		EF7AD72D08BB986600CE4634 /* Build configuration list for PBXNativeTarget "SubstrateMac" */ = {
			isa = XCConfigurationList;
			buildConfigurations = (
				EF7AD72E08BB986600CE4634 /* Debug */,
				EF7AD72F08BB986600CE4634 /* Release */,
			);
			defaultConfigurationIsVisible = 0;
			defaultConfigurationName = Debug;
		};
		EF7AD73108BB986600CE4634 /* Build configuration list for PBXProject "SubstrateMac" */ = {
			isa = XCConfigurationList;
			buildConfigurations = (
				EF7AD73208BB986600CE4634 /* Debug */,
				EF7AD73308BB986600CE4634 /* Release */,
			);
			defaultConfigurationIsVisible = 0;
			defaultConfigurationName = Debug;
		};
/* End XCConfigurationList section */
	};
	rootObject = 089C1669FE841209C02AAC07 /* Project object */;
}
