// !$*UTF8*$!
{
	archiveVersion = 1;
	classes = {
	};
	objectVersion = 46;
	objects = {

/* Begin PBXBuildFile section */
		1D3623260D0F684500981E51 /* HeySubstrateAppDelegate.m in Sources */ = {isa = PBXBuildFile; fileRef = 1D3623250D0F684500981E51 /* HeySubstrateAppDelegate.m */; };
		1D60589B0D05DD56006BFB54 /* main.m in Sources */ = {isa = PBXBuildFile; fileRef = 29B97316FDCFA39411CA2CEA /* main.m */; };
		1D60589F0D05DD5A006BFB54 /* Foundation.framework in Frameworks */ = {isa = PBXBuildFile; fileRef = 1D30AB110D05D00D00671497 /* Foundation.framework */; };
		1DF5F4E00D08C38300B7A737 /* UIKit.framework in Frameworks */ = {isa = PBXBuildFile; fileRef = 1DF5F4DF0D08C38300B7A737 /* UIKit.framework */; };
		288765A50DF7441C002DB57D /* CoreGraphics.framework in Frameworks */ = {isa = PBXBuildFile; fileRef = 288765A40DF7441C002DB57D /* CoreGraphics.framework */; };
		2899E5220DE3E06400AC0155 /* HeySubstrateViewController.xib in Resources */ = {isa = PBXBuildFile; fileRef = 2899E5210DE3E06400AC0155 /* HeySubstrateViewController.xib */; };
		28AD733F0D9D9553002E5188 /* MainWindow.xib in Resources */ = {isa = PBXBuildFile; fileRef = 28AD733E0D9D9553002E5188 /* MainWindow.xib */; };
		28D7ACF80DDB3853001CB0EB /* HeySubstrateViewController.m in Sources */ = {isa = PBXBuildFile; fileRef = 28D7ACF70DDB3853001CB0EB /* HeySubstrateViewController.m */; };
		801B0C9D0FC88B0B0022F3B3 /* infoicon.png in Resources */ = {isa = PBXBuildFile; fileRef = 801B0C9C0FC88B0B0022F3B3 /* infoicon.png */; };
		802123470FBF42CE00DD9A3B /* HeySubstrateView.m in Sources */ = {isa = PBXBuildFile; fileRef = 802123460FBF42CE00DD9A3B /* HeySubstrateView.m */; };
		802123A60FC1D14100DD9A3B /* HeySubstrate.m in Sources */ = {isa = PBXBuildFile; fileRef = 802123A50FC1D14100DD9A3B /* HeySubstrate.m */; };
		802123B10FC1D9CA00DD9A3B /* HeySubstrateCrack.m in Sources */ = {isa = PBXBuildFile; fileRef = 802123B00FC1D9CA00DD9A3B /* HeySubstrateCrack.m */; };
		802123C10FC1DEDE00DD9A3B /* UIColor-HeyUIColor.m in Sources */ = {isa = PBXBuildFile; fileRef = 802123BF0FC1DEDE00DD9A3B /* UIColor-HeyUIColor.m */; };
		805EEC70115704E8007D55EA /* MainWindow-iPad.xib in Resources */ = {isa = PBXBuildFile; fileRef = 805EEC6F115704E8007D55EA /* MainWindow-iPad.xib */; };
		805EEC8611570A79007D55EA /* Substrate-iPad.png in Resources */ = {isa = PBXBuildFile; fileRef = 805EEC8511570A79007D55EA /* Substrate-iPad.png */; };
		805EEC9111570CE7007D55EA /* HeySubstrateViewController-iPad.xib in Resources */ = {isa = PBXBuildFile; fileRef = 805EEC9011570CE7007D55EA /* HeySubstrateViewController-iPad.xib */; };
		80B7DC740FCB7A820062FDAB /* QuartzCore.framework in Frameworks */ = {isa = PBXBuildFile; fileRef = 80B7DC730FCB7A820062FDAB /* QuartzCore.framework */; };
		80B7DCD00FCB8C350062FDAB /* Substrate.png in Resources */ = {isa = PBXBuildFile; fileRef = 80B7DCCF0FCB8C350062FDAB /* Substrate.png */; };
		80B7DCDC0FCC5C8F0062FDAB /* Credits.png in Resources */ = {isa = PBXBuildFile; fileRef = 80B7DCDB0FCC5C8F0062FDAB /* Credits.png */; };
		80B7DD790FCC9D9D0062FDAB /* blueButton.png in Resources */ = {isa = PBXBuildFile; fileRef = 80B7DD770FCC9D9D0062FDAB /* blueButton.png */; };
		80B7DD7A0FCC9D9D0062FDAB /* whiteButton.png in Resources */ = {isa = PBXBuildFile; fileRef = 80B7DD780FCC9D9D0062FDAB /* whiteButton.png */; };
		80C76B62113DF7880021C249 /* Entitlements.plist in Resources */ = {isa = PBXBuildFile; fileRef = 80C76B61113DF7880021C249 /* Entitlements.plist */; };
		80D983FB0FC39FD20020A8F7 /* HeySettingsTableViewController.m in Sources */ = {isa = PBXBuildFile; fileRef = 80D983FA0FC39FD20020A8F7 /* HeySettingsTableViewController.m */; };
/* End PBXBuildFile section */

/* Begin PBXFileReference section */
		1D30AB110D05D00D00671497 /* Foundation.framework */ = {isa = PBXFileReference; lastKnownFileType = wrapper.framework; name = Foundation.framework; path = System/Library/Frameworks/Foundation.framework; sourceTree = SDKROOT; };
		1D3623240D0F684500981E51 /* HeySubstrateAppDelegate.h */ = {isa = PBXFileReference; fileEncoding = 4; lastKnownFileType = sourcecode.c.h; name = HeySubstrateAppDelegate.h; path = sources/iphone/HeySubstrateAppDelegate.h; sourceTree = "<group>"; };
		1D3623250D0F684500981E51 /* HeySubstrateAppDelegate.m */ = {isa = PBXFileReference; fileEncoding = 4; lastKnownFileType = sourcecode.c.objc; name = HeySubstrateAppDelegate.m; path = sources/iphone/HeySubstrateAppDelegate.m; sourceTree = "<group>"; };
		1D6058910D05DD3D006BFB54 /* Substrate.app */ = {isa = PBXFileReference; explicitFileType = wrapper.application; includeInIndex = 0; path = Substrate.app; sourceTree = BUILT_PRODUCTS_DIR; };
		1DF5F4DF0D08C38300B7A737 /* UIKit.framework */ = {isa = PBXFileReference; lastKnownFileType = wrapper.framework; name = UIKit.framework; path = System/Library/Frameworks/UIKit.framework; sourceTree = SDKROOT; };
		288765A40DF7441C002DB57D /* CoreGraphics.framework */ = {isa = PBXFileReference; lastKnownFileType = wrapper.framework; name = CoreGraphics.framework; path = System/Library/Frameworks/CoreGraphics.framework; sourceTree = SDKROOT; };
		2899E5210DE3E06400AC0155 /* HeySubstrateViewController.xib */ = {isa = PBXFileReference; lastKnownFileType = file.xib; name = HeySubstrateViewController.xib; path = resources/iphone/HeySubstrateViewController.xib; sourceTree = "<group>"; };
		28AD733E0D9D9553002E5188 /* MainWindow.xib */ = {isa = PBXFileReference; lastKnownFileType = file.xib; name = MainWindow.xib; path = resources/iphone/MainWindow.xib; sourceTree = "<group>"; };
		28D7ACF60DDB3853001CB0EB /* HeySubstrateViewController.h */ = {isa = PBXFileReference; fileEncoding = 4; lastKnownFileType = sourcecode.c.h; name = HeySubstrateViewController.h; path = sources/iphone/HeySubstrateViewController.h; sourceTree = "<group>"; };
		28D7ACF70DDB3853001CB0EB /* HeySubstrateViewController.m */ = {isa = PBXFileReference; fileEncoding = 4; lastKnownFileType = sourcecode.c.objc; name = HeySubstrateViewController.m; path = sources/iphone/HeySubstrateViewController.m; sourceTree = "<group>"; };
		29B97316FDCFA39411CA2CEA /* main.m */ = {isa = PBXFileReference; fileEncoding = 4; lastKnownFileType = sourcecode.c.objc; name = main.m; path = sources/iphone/main.m; sourceTree = "<group>"; };
		32CA4F630368D1EE00C91783 /* SubstrateiPhone_Prefix.pch */ = {isa = PBXFileReference; fileEncoding = 4; lastKnownFileType = sourcecode.c.h; name = SubstrateiPhone_Prefix.pch; path = sources/iphone/SubstrateiPhone_Prefix.pch; sourceTree = "<group>"; };
		801B0C9C0FC88B0B0022F3B3 /* infoicon.png */ = {isa = PBXFileReference; lastKnownFileType = image.png; name = infoicon.png; path = resources/iphone/infoicon.png; sourceTree = "<group>"; };
		802123450FBF42CE00DD9A3B /* HeySubstrateView.h */ = {isa = PBXFileReference; fileEncoding = 4; lastKnownFileType = sourcecode.c.h; name = HeySubstrateView.h; path = sources/HeySubstrateView.h; sourceTree = "<group>"; };
		802123460FBF42CE00DD9A3B /* HeySubstrateView.m */ = {isa = PBXFileReference; fileEncoding = 4; lastKnownFileType = sourcecode.c.objc; name = HeySubstrateView.m; path = sources/HeySubstrateView.m; sourceTree = "<group>"; };
		802123A40FC1D14100DD9A3B /* HeySubstrate.h */ = {isa = PBXFileReference; fileEncoding = 4; lastKnownFileType = sourcecode.c.h; name = HeySubstrate.h; path = sources/HeySubstrate.h; sourceTree = "<group>"; };
		802123A50FC1D14100DD9A3B /* HeySubstrate.m */ = {isa = PBXFileReference; fileEncoding = 4; lastKnownFileType = sourcecode.c.objc; name = HeySubstrate.m; path = sources/HeySubstrate.m; sourceTree = "<group>"; };
		802123AF0FC1D9CA00DD9A3B /* HeySubstrateCrack.h */ = {isa = PBXFileReference; fileEncoding = 4; lastKnownFileType = sourcecode.c.h; name = HeySubstrateCrack.h; path = sources/HeySubstrateCrack.h; sourceTree = "<group>"; };
		802123B00FC1D9CA00DD9A3B /* HeySubstrateCrack.m */ = {isa = PBXFileReference; fileEncoding = 4; lastKnownFileType = sourcecode.c.objc; name = HeySubstrateCrack.m; path = sources/HeySubstrateCrack.m; sourceTree = "<group>"; };
		802123BE0FC1DEDE00DD9A3B /* UIColor-HeyUIColor.h */ = {isa = PBXFileReference; fileEncoding = 4; lastKnownFileType = sourcecode.c.h; name = "UIColor-HeyUIColor.h"; path = "../HeyDaddioUtilityLibrary/sources/UIColor-HeyUIColor.h"; sourceTree = SOURCE_ROOT; };
		802123BF0FC1DEDE00DD9A3B /* UIColor-HeyUIColor.m */ = {isa = PBXFileReference; fileEncoding = 4; lastKnownFileType = sourcecode.c.objc; name = "UIColor-HeyUIColor.m"; path = "../HeyDaddioUtilityLibrary/sources/UIColor-HeyUIColor.m"; sourceTree = SOURCE_ROOT; };
		805EEC6F115704E8007D55EA /* MainWindow-iPad.xib */ = {isa = PBXFileReference; lastKnownFileType = file.xib; name = "MainWindow-iPad.xib"; path = "resources/ipad/MainWindow-iPad.xib"; sourceTree = "<group>"; };
		805EEC8511570A79007D55EA /* Substrate-iPad.png */ = {isa = PBXFileReference; lastKnownFileType = image.png; name = "Substrate-iPad.png"; path = "resources/ipad/Substrate-iPad.png"; sourceTree = "<group>"; };
		805EEC9011570CE7007D55EA /* HeySubstrateViewController-iPad.xib */ = {isa = PBXFileReference; lastKnownFileType = file.xib; name = "HeySubstrateViewController-iPad.xib"; path = "resources/ipad/HeySubstrateViewController-iPad.xib"; sourceTree = "<group>"; };
		80B7DC730FCB7A820062FDAB /* QuartzCore.framework */ = {isa = PBXFileReference; lastKnownFileType = wrapper.framework; name = QuartzCore.framework; path = System/Library/Frameworks/QuartzCore.framework; sourceTree = SDKROOT; };
		80B7DCCF0FCB8C350062FDAB /* Substrate.png */ = {isa = PBXFileReference; lastKnownFileType = image.png; name = Substrate.png; path = resources/iphone/Substrate.png; sourceTree = "<group>"; };
		80B7DCDB0FCC5C8F0062FDAB /* Credits.png */ = {isa = PBXFileReference; lastKnownFileType = image.png; name = Credits.png; path = resources/iphone/Credits.png; sourceTree = "<group>"; };
		80B7DD770FCC9D9D0062FDAB /* blueButton.png */ = {isa = PBXFileReference; lastKnownFileType = image.png; name = blueButton.png; path = resources/iphone/blueButton.png; sourceTree = "<group>"; };
		80B7DD780FCC9D9D0062FDAB /* whiteButton.png */ = {isa = PBXFileReference; lastKnownFileType = image.png; name = whiteButton.png; path = resources/iphone/whiteButton.png; sourceTree = "<group>"; };
		80C76B61113DF7880021C249 /* Entitlements.plist */ = {isa = PBXFileReference; fileEncoding = 4; lastKnownFileType = text.plist.xml; name = Entitlements.plist; path = resources/iphone/Entitlements.plist; sourceTree = "<group>"; };
		80D983F90FC39FD20020A8F7 /* HeySettingsTableViewController.h */ = {isa = PBXFileReference; fileEncoding = 4; lastKnownFileType = sourcecode.c.h; name = HeySettingsTableViewController.h; path = sources/iphone/HeySettingsTableViewController.h; sourceTree = "<group>"; };
		80D983FA0FC39FD20020A8F7 /* HeySettingsTableViewController.m */ = {isa = PBXFileReference; fileEncoding = 4; lastKnownFileType = sourcecode.c.objc; name = HeySettingsTableViewController.m; path = sources/iphone/HeySettingsTableViewController.m; sourceTree = "<group>"; };
		8D1107310486CEB800E47090 /* Info.plist */ = {isa = PBXFileReference; fileEncoding = 4; lastKnownFileType = text.plist.xml; name = Info.plist; path = resources/iphone/Info.plist; sourceTree = "<group>"; };
/* End PBXFileReference section */

/* Begin PBXFrameworksBuildPhase section */
		1D60588F0D05DD3D006BFB54 /* Frameworks */ = {
			isa = PBXFrameworksBuildPhase;
			buildActionMask = 2147483647;
			files = (
				1D60589F0D05DD5A006BFB54 /* Foundation.framework in Frameworks */,
				1DF5F4E00D08C38300B7A737 /* UIKit.framework in Frameworks */,
				288765A50DF7441C002DB57D /* CoreGraphics.framework in Frameworks */,
				80B7DC740FCB7A820062FDAB /* QuartzCore.framework in Frameworks */,
			);
			runOnlyForDeploymentPostprocessing = 0;
		};
/* End PBXFrameworksBuildPhase section */

/* Begin PBXGroup section */
		080E96DDFE201D6D7F000001 /* iPhone Sources */ = {
			isa = PBXGroup;
			children = (
				1D3623240D0F684500981E51 /* HeySubstrateAppDelegate.h */,
				1D3623250D0F684500981E51 /* HeySubstrateAppDelegate.m */,
				28D7ACF60DDB3853001CB0EB /* HeySubstrateViewController.h */,
				28D7ACF70DDB3853001CB0EB /* HeySubstrateViewController.m */,
				32CA4F630368D1EE00C91783 /* SubstrateiPhone_Prefix.pch */,
				29B97316FDCFA39411CA2CEA /* main.m */,
				80D983F90FC39FD20020A8F7 /* HeySettingsTableViewController.h */,
				80D983FA0FC39FD20020A8F7 /* HeySettingsTableViewController.m */,
			);
			name = "iPhone Sources";
			sourceTree = "<group>";
		};
		19C28FACFE9D520D11CA2CBB /* Products */ = {
			isa = PBXGroup;
			children = (
				1D6058910D05DD3D006BFB54 /* Substrate.app */,
			);
			name = Products;
			sourceTree = "<group>";
		};
		29B97314FDCFA39411CA2CEA /* CustomTemplate */ = {
			isa = PBXGroup;
			children = (
				802123B80FC1DDEC00DD9A3B /* HeyDaddioUtilityLibrarySources */,
				080E96DDFE201D6D7F000001 /* iPhone Sources */,
				29B97315FDCFA39411CA2CEA /* Other Sources */,
				29B97317FDCFA39411CA2CEA /* Resources */,
				29B97323FDCFA39411CA2CEA /* Frameworks */,
				19C28FACFE9D520D11CA2CBB /* Products */,
			);
			name = CustomTemplate;
			sourceTree = "<group>";
		};
		29B97315FDCFA39411CA2CEA /* Other Sources */ = {
			isa = PBXGroup;
			children = (
				802123AF0FC1D9CA00DD9A3B /* HeySubstrateCrack.h */,
				802123B00FC1D9CA00DD9A3B /* HeySubstrateCrack.m */,
				802123A40FC1D14100DD9A3B /* HeySubstrate.h */,
				802123A50FC1D14100DD9A3B /* HeySubstrate.m */,
				802123450FBF42CE00DD9A3B /* HeySubstrateView.h */,
				802123460FBF42CE00DD9A3B /* HeySubstrateView.m */,
				80C76B61113DF7880021C249 /* Entitlements.plist */,
			);
			name = "Other Sources";
			sourceTree = "<group>";
		};
		29B97317FDCFA39411CA2CEA /* Resources */ = {
			isa = PBXGroup;
			children = (
				80B7DCDB0FCC5C8F0062FDAB /* Credits.png */,
				80B7DCCF0FCB8C350062FDAB /* Substrate.png */,
				805EEC8511570A79007D55EA /* Substrate-iPad.png */,
				8D1107310486CEB800E47090 /* Info.plist */,
				28AD733E0D9D9553002E5188 /* MainWindow.xib */,
				805EEC6F115704E8007D55EA /* MainWindow-iPad.xib */,
				2899E5210DE3E06400AC0155 /* HeySubstrateViewController.xib */,
				805EEC9011570CE7007D55EA /* HeySubstrateViewController-iPad.xib */,
				801B0C9C0FC88B0B0022F3B3 /* infoicon.png */,
				80B7DD770FCC9D9D0062FDAB /* blueButton.png */,
				80B7DD780FCC9D9D0062FDAB /* whiteButton.png */,
			);
			name = Resources;
			sourceTree = "<group>";
		};
		29B97323FDCFA39411CA2CEA /* Frameworks */ = {
			isa = PBXGroup;
			children = (
				80B7DC730FCB7A820062FDAB /* QuartzCore.framework */,
				1DF5F4DF0D08C38300B7A737 /* UIKit.framework */,
				1D30AB110D05D00D00671497 /* Foundation.framework */,
				288765A40DF7441C002DB57D /* CoreGraphics.framework */,
			);
			name = Frameworks;
			sourceTree = "<group>";
		};
		802123B80FC1DDEC00DD9A3B /* HeyDaddioUtilityLibrarySources */ = {
			isa = PBXGroup;
			children = (
				802123BE0FC1DEDE00DD9A3B /* UIColor-HeyUIColor.h */,
				802123BF0FC1DEDE00DD9A3B /* UIColor-HeyUIColor.m */,
			);
			name = HeyDaddioUtilityLibrarySources;
			sourceTree = "<group>";
		};
/* End PBXGroup section */

/* Begin PBXNativeTarget section */
		1D6058900D05DD3D006BFB54 /* HeySubstrate */ = {
			isa = PBXNativeTarget;
			buildConfigurationList = 1D6058960D05DD3E006BFB54 /* Build configuration list for PBXNativeTarget "HeySubstrate" */;
			buildPhases = (
				1D60588D0D05DD3D006BFB54 /* Resources */,
				1D60588E0D05DD3D006BFB54 /* Sources */,
				1D60588F0D05DD3D006BFB54 /* Frameworks */,
			);
			buildRules = (
			);
			dependencies = (
			);
			name = HeySubstrate;
			productName = HeySubstrate;
			productReference = 1D6058910D05DD3D006BFB54 /* Substrate.app */;
			productType = "com.apple.product-type.application";
		};
/* End PBXNativeTarget section */

/* Begin PBXProject section */
		29B97313FDCFA39411CA2CEA /* Project object */ = {
			isa = PBXProject;
			attributes = {
				ORGANIZATIONNAME = "Hey Daddio, Inc.";
			};
			buildConfigurationList = C01FCF4E08A954540054247B /* Build configuration list for PBXProject "SubstrateiPhone" */;
			compatibilityVersion = "Xcode 3.2";
			hasScannedForEncodings = 1;
			mainGroup = 29B97314FDCFA39411CA2CEA /* CustomTemplate */;
			projectDirPath = "";
			projectRoot = "";
			targets = (
				1D6058900D05DD3D006BFB54 /* HeySubstrate */,
			);
		};
/* End PBXProject section */

/* Begin PBXResourcesBuildPhase section */
		1D60588D0D05DD3D006BFB54 /* Resources */ = {
			isa = PBXResourcesBuildPhase;
			buildActionMask = 2147483647;
			files = (
				28AD733F0D9D9553002E5188 /* MainWindow.xib in Resources */,
				2899E5220DE3E06400AC0155 /* HeySubstrateViewController.xib in Resources */,
				801B0C9D0FC88B0B0022F3B3 /* infoicon.png in Resources */,
				80B7DCD00FCB8C350062FDAB /* Substrate.png in Resources */,
				80B7DCDC0FCC5C8F0062FDAB /* Credits.png in Resources */,
				80B7DD790FCC9D9D0062FDAB /* blueButton.png in Resources */,
				80B7DD7A0FCC9D9D0062FDAB /* whiteButton.png in Resources */,
				80C76B62113DF7880021C249 /* Entitlements.plist in Resources */,
				805EEC70115704E8007D55EA /* MainWindow-iPad.xib in Resources */,
				805EEC8611570A79007D55EA /* Substrate-iPad.png in Resources */,
				805EEC9111570CE7007D55EA /* HeySubstrateViewController-iPad.xib in Resources */,
			);
			runOnlyForDeploymentPostprocessing = 0;
		};
/* End PBXResourcesBuildPhase section */

/* Begin PBXSourcesBuildPhase section */
		1D60588E0D05DD3D006BFB54 /* Sources */ = {
			isa = PBXSourcesBuildPhase;
			buildActionMask = 2147483647;
			files = (
				1D60589B0D05DD56006BFB54 /* main.m in Sources */,
				1D3623260D0F684500981E51 /* HeySubstrateAppDelegate.m in Sources */,
				28D7ACF80DDB3853001CB0EB /* HeySubstrateViewController.m in Sources */,
				802123470FBF42CE00DD9A3B /* HeySubstrateView.m in Sources */,
				802123A60FC1D14100DD9A3B /* HeySubstrate.m in Sources */,
				802123B10FC1D9CA00DD9A3B /* HeySubstrateCrack.m in Sources */,
				802123C10FC1DEDE00DD9A3B /* UIColor-HeyUIColor.m in Sources */,
				80D983FB0FC39FD20020A8F7 /* HeySettingsTableViewController.m in Sources */,
			);
			runOnlyForDeploymentPostprocessing = 0;
		};
/* End PBXSourcesBuildPhase section */

/* Begin XCBuildConfiguration section */
		1D6058940D05DD3E006BFB54 /* Debug */ = {
			isa = XCBuildConfiguration;
			buildSettings = {
				ALWAYS_SEARCH_USER_PATHS = NO;
				ARCHS = "$(ARCHS_UNIVERSAL_IPHONE_OS)";
				CODE_SIGN_ENTITLEMENTS = "";
				COPY_PHASE_STRIP = NO;
				GCC_DYNAMIC_NO_PIC = NO;
				GCC_OPTIMIZATION_LEVEL = 0;
				GCC_PRECOMPILE_PREFIX_HEADER = YES;
				GCC_PREFIX_HEADER = sources/iphone/SubstrateiPhone_Prefix.pch;
				GCC_THUMB_SUPPORT = YES;
				INFOPLIST_FILE = resources/iphone/Info.plist;
				PRODUCT_NAME = Substrate;
				SDKROOT = iphoneos3.2;
				TARGETED_DEVICE_FAMILY = "1,2";
			};
			name = Debug;
		};
		1D6058950D05DD3E006BFB54 /* Release */ = {
			isa = XCBuildConfiguration;
			buildSettings = {
				ALWAYS_SEARCH_USER_PATHS = NO;
				ARCHS = "$(ARCHS_UNIVERSAL_IPHONE_OS)";
				CODE_SIGN_ENTITLEMENTS = resources/iphone/Entitlements.plist;
				"CODE_SIGN_IDENTITY[sdk=iphoneos*]" = "iPhone Distribution: Hey Daddio, Inc.";
				COPY_PHASE_STRIP = YES;
				GCC_PRECOMPILE_PREFIX_HEADER = YES;
				GCC_PREFIX_HEADER = sources/iphone/SubstrateiPhone_Prefix.pch;
				GCC_THUMB_SUPPORT = YES;
				INFOPLIST_FILE = resources/iphone/Info.plist;
				PRODUCT_NAME = Substrate;
				"PROVISIONING_PROFILE[sdk=iphoneos*]" = "C7E4E8A9-D258-4073-B861-69FA42BDD65F";
				SDKROOT = iphoneos3.2;
				TARGETED_DEVICE_FAMILY = "1,2";
			};
			name = Release;
		};
		80C76B67113DF7D90021C249 /* Distribution */ = {
			isa = XCBuildConfiguration;
			buildSettings = {
				APPLY_RULES_IN_COPY_FILES = YES;
				ARCHS = "$(ARCHS_UNIVERSAL_IPHONE_OS)";
				"CODE_SIGN_IDENTITY[sdk=iphoneos*]" = "iPhone Developer";
				GCC_C_LANGUAGE_STANDARD = gnu99;
				GCC_OPTIMIZATION_LEVEL = s;
				GCC_THUMB_SUPPORT = YES;
				GCC_TREAT_IMPLICIT_FUNCTION_DECLARATIONS_AS_ERRORS = YES;
				GCC_TREAT_NONCONFORMANT_CODE_ERRORS_AS_WARNINGS = NO;
				GCC_TREAT_WARNINGS_AS_ERRORS = NO;
				GCC_VERSION = 4.2;
				GCC_WARN_64_TO_32_BIT_CONVERSION = YES;
				GCC_WARN_ABOUT_DEPRECATED_FUNCTIONS = YES;
				GCC_WARN_ABOUT_INVALID_OFFSETOF_MACRO = YES;
				GCC_WARN_ABOUT_MISSING_FIELD_INITIALIZERS = YES;
				GCC_WARN_ABOUT_MISSING_NEWLINE = YES;
				GCC_WARN_ABOUT_MISSING_PROTOTYPES = YES;
				GCC_WARN_ABOUT_POINTER_SIGNEDNESS = YES;
				GCC_WARN_ABOUT_RETURN_TYPE = YES;
				GCC_WARN_ALLOW_INCOMPLETE_PROTOCOL = YES;
				GCC_WARN_CHECK_SWITCH_STATEMENTS = YES;
				GCC_WARN_EFFECTIVE_CPLUSPLUS_VIOLATIONS = YES;
				GCC_WARN_FOUR_CHARACTER_CONSTANTS = NO;
				GCC_WARN_HIDDEN_VIRTUAL_FUNCTIONS = YES;
				GCC_WARN_INHIBIT_ALL_WARNINGS = NO;
				GCC_WARN_INITIALIZER_NOT_FULLY_BRACKETED = YES;
				GCC_WARN_MISSING_PARENTHESES = YES;
				GCC_WARN_MULTIPLE_DEFINITION_TYPES_FOR_SELECTOR = NO;
				GCC_WARN_NON_VIRTUAL_DESTRUCTOR = YES;
				GCC_WARN_PEDANTIC = NO;
				GCC_WARN_PROTOTYPE_CONVERSION = NO;
				GCC_WARN_SHADOW = YES;
				GCC_WARN_SIGN_COMPARE = YES;
				GCC_WARN_STRICT_SELECTOR_MATCH = NO;
				GCC_WARN_TYPECHECK_CALLS_TO_PRINTF = YES;
				GCC_WARN_UNDECLARED_SELECTOR = NO;
				GCC_WARN_UNINITIALIZED_AUTOS = YES;
				GCC_WARN_UNKNOWN_PRAGMAS = NO;
				GCC_WARN_UNUSED_FUNCTION = YES;
				GCC_WARN_UNUSED_LABEL = YES;
				GCC_WARN_UNUSED_PARAMETER = YES;
				GCC_WARN_UNUSED_VALUE = YES;
				GCC_WARN_UNUSED_VARIABLE = YES;
				HEADER_SEARCH_PATHS = (
					sources,
					sources/iphone,
					../HeyDaddioUtilityLibrary/sources,
				);
				IPHONEOS_DEPLOYMENT_TARGET = 3.0;
				PREBINDING = NO;
				PRESERVE_DEAD_CODE_INITS_AND_TERMS = YES;
				SDKROOT = iphoneos3.2;
				TARGETED_DEVICE_FAMILY = "1,2";
				WARNING_CFLAGS = (
					"-Wall",
					"-Wextra",
				);
			};
			name = Distribution;
		};
		80C76B68113DF7D90021C249 /* Distribution */ = {
			isa = XCBuildConfiguration;
			buildSettings = {
				ALWAYS_SEARCH_USER_PATHS = NO;
				ARCHS = "$(ARCHS_UNIVERSAL_IPHONE_OS)";
				CODE_SIGN_ENTITLEMENTS = resources/iphone/Entitlements.plist;
				"CODE_SIGN_IDENTITY[sdk=iphoneos*]" = "iPhone Distribution: Hey Daddio, Inc.";
				COPY_PHASE_STRIP = YES;
				GCC_PRECOMPILE_PREFIX_HEADER = YES;
				GCC_PREFIX_HEADER = sources/iphone/SubstrateiPhone_Prefix.pch;
				GCC_THUMB_SUPPORT = YES;
				INFOPLIST_FILE = resources/iphone/Info.plist;
				PRODUCT_NAME = Substrate;
				"PROVISIONING_PROFILE[sdk=iphoneos*]" = "7D2AE34F-A9FC-46F3-A624-1AD1A335684B";
				SDKROOT = iphoneos3.2;
				TARGETED_DEVICE_FAMILY = "1,2";
			};
			name = Distribution;
		};
		C01FCF4F08A954540054247B /* Debug */ = {
			isa = XCBuildConfiguration;
			buildSettings = {
				APPLY_RULES_IN_COPY_FILES = YES;
				ARCHS = "$(ARCHS_UNIVERSAL_IPHONE_OS)";
				CODE_SIGN_ENTITLEMENTS = resources/iphone/Entitlements.plist;
				"CODE_SIGN_IDENTITY[sdk=iphoneos*]" = "iPhone Developer";
				COPY_PHASE_STRIP = NO;
				GCC_C_LANGUAGE_STANDARD = gnu99;
				GCC_OPTIMIZATION_LEVEL = 0;
				GCC_THUMB_SUPPORT = YES;
				GCC_TREAT_IMPLICIT_FUNCTION_DECLARATIONS_AS_ERRORS = YES;
				GCC_TREAT_NONCONFORMANT_CODE_ERRORS_AS_WARNINGS = NO;
				GCC_TREAT_WARNINGS_AS_ERRORS = NO;
				GCC_VERSION = 4.2;
				GCC_WARN_64_TO_32_BIT_CONVERSION = YES;
				GCC_WARN_ABOUT_DEPRECATED_FUNCTIONS = YES;
				GCC_WARN_ABOUT_INVALID_OFFSETOF_MACRO = YES;
				GCC_WARN_ABOUT_MISSING_FIELD_INITIALIZERS = YES;
				GCC_WARN_ABOUT_MISSING_NEWLINE = YES;
				GCC_WARN_ABOUT_MISSING_PROTOTYPES = YES;
				GCC_WARN_ABOUT_POINTER_SIGNEDNESS = YES;
				GCC_WARN_ABOUT_RETURN_TYPE = YES;
				GCC_WARN_ALLOW_INCOMPLETE_PROTOCOL = YES;
				GCC_WARN_CHECK_SWITCH_STATEMENTS = YES;
				GCC_WARN_EFFECTIVE_CPLUSPLUS_VIOLATIONS = YES;
				GCC_WARN_FOUR_CHARACTER_CONSTANTS = NO;
				GCC_WARN_HIDDEN_VIRTUAL_FUNCTIONS = YES;
				GCC_WARN_INHIBIT_ALL_WARNINGS = NO;
				GCC_WARN_INITIALIZER_NOT_FULLY_BRACKETED = YES;
				GCC_WARN_MISSING_PARENTHESES = YES;
				GCC_WARN_MULTIPLE_DEFINITION_TYPES_FOR_SELECTOR = NO;
				GCC_WARN_NON_VIRTUAL_DESTRUCTOR = YES;
				GCC_WARN_PEDANTIC = NO;
				GCC_WARN_PROTOTYPE_CONVERSION = NO;
				GCC_WARN_SHADOW = YES;
				GCC_WARN_SIGN_COMPARE = YES;
				GCC_WARN_STRICT_SELECTOR_MATCH = NO;
				GCC_WARN_TYPECHECK_CALLS_TO_PRINTF = YES;
				GCC_WARN_UNDECLARED_SELECTOR = NO;
				GCC_WARN_UNINITIALIZED_AUTOS = NO;
				GCC_WARN_UNKNOWN_PRAGMAS = NO;
				GCC_WARN_UNUSED_FUNCTION = YES;
				GCC_WARN_UNUSED_LABEL = YES;
				GCC_WARN_UNUSED_PARAMETER = YES;
				GCC_WARN_UNUSED_VALUE = YES;
				GCC_WARN_UNUSED_VARIABLE = YES;
				HEADER_SEARCH_PATHS = (
					sources,
					sources/iphone,
					../HeyDaddioUtilityLibrary/sources,
				);
				IPHONEOS_DEPLOYMENT_TARGET = 3.0;
				ONLY_ACTIVE_ARCH = NO;
				PREBINDING = NO;
				PRESERVE_DEAD_CODE_INITS_AND_TERMS = YES;
				SDKROOT = iphoneos3.2;
				STRIP_INSTALLED_PRODUCT = NO;
				TARGETED_DEVICE_FAMILY = "1,2";
				WARNING_CFLAGS = (
					"-Wall",
					"-Wextra",
				);
			};
			name = Debug;
		};
		C01FCF5008A954540054247B /* Release */ = {
			isa = XCBuildConfiguration;
			buildSettings = {
				APPLY_RULES_IN_COPY_FILES = YES;
				ARCHS = "$(ARCHS_UNIVERSAL_IPHONE_OS)";
				CODE_SIGN_ENTITLEMENTS = resources/iphone/Entitlements.plist;
				"CODE_SIGN_IDENTITY[sdk=iphoneos*]" = "iPhone Developer";
				GCC_C_LANGUAGE_STANDARD = gnu99;
				GCC_OPTIMIZATION_LEVEL = s;
				GCC_THUMB_SUPPORT = YES;
				GCC_TREAT_IMPLICIT_FUNCTION_DECLARATIONS_AS_ERRORS = YES;
				GCC_TREAT_NONCONFORMANT_CODE_ERRORS_AS_WARNINGS = NO;
				GCC_TREAT_WARNINGS_AS_ERRORS = NO;
				GCC_VERSION = 4.2;
				GCC_WARN_64_TO_32_BIT_CONVERSION = YES;
				GCC_WARN_ABOUT_DEPRECATED_FUNCTIONS = YES;
				GCC_WARN_ABOUT_INVALID_OFFSETOF_MACRO = YES;
				GCC_WARN_ABOUT_MISSING_FIELD_INITIALIZERS = YES;
				GCC_WARN_ABOUT_MISSING_NEWLINE = YES;
				GCC_WARN_ABOUT_MISSING_PROTOTYPES = YES;
				GCC_WARN_ABOUT_POINTER_SIGNEDNESS = YES;
				GCC_WARN_ABOUT_RETURN_TYPE = YES;
				GCC_WARN_ALLOW_INCOMPLETE_PROTOCOL = YES;
				GCC_WARN_CHECK_SWITCH_STATEMENTS = YES;
				GCC_WARN_EFFECTIVE_CPLUSPLUS_VIOLATIONS = YES;
				GCC_WARN_FOUR_CHARACTER_CONSTANTS = NO;
				GCC_WARN_HIDDEN_VIRTUAL_FUNCTIONS = YES;
				GCC_WARN_INHIBIT_ALL_WARNINGS = NO;
				GCC_WARN_INITIALIZER_NOT_FULLY_BRACKETED = YES;
				GCC_WARN_MISSING_PARENTHESES = YES;
				GCC_WARN_MULTIPLE_DEFINITION_TYPES_FOR_SELECTOR = NO;
				GCC_WARN_NON_VIRTUAL_DESTRUCTOR = YES;
				GCC_WARN_PEDANTIC = NO;
				GCC_WARN_PROTOTYPE_CONVERSION = NO;
				GCC_WARN_SHADOW = YES;
				GCC_WARN_SIGN_COMPARE = YES;
				GCC_WARN_STRICT_SELECTOR_MATCH = NO;
				GCC_WARN_TYPECHECK_CALLS_TO_PRINTF = YES;
				GCC_WARN_UNDECLARED_SELECTOR = NO;
				GCC_WARN_UNINITIALIZED_AUTOS = YES;
				GCC_WARN_UNKNOWN_PRAGMAS = NO;
				GCC_WARN_UNUSED_FUNCTION = YES;
				GCC_WARN_UNUSED_LABEL = YES;
				GCC_WARN_UNUSED_PARAMETER = YES;
				GCC_WARN_UNUSED_VALUE = YES;
				GCC_WARN_UNUSED_VARIABLE = YES;
				HEADER_SEARCH_PATHS = (
					sources,
					sources/iphone,
					../HeyDaddioUtilityLibrary/sources,
				);
				IPHONEOS_DEPLOYMENT_TARGET = 3.0;
				PREBINDING = NO;
				PRESERVE_DEAD_CODE_INITS_AND_TERMS = YES;
				SDKROOT = iphoneos3.2;
				TARGETED_DEVICE_FAMILY = "1,2";
				WARNING_CFLAGS = (
					"-Wall",
					"-Wextra",
				);
			};
			name = Release;
		};
/* End XCBuildConfiguration section */

/* Begin XCConfigurationList section */
		1D6058960D05DD3E006BFB54 /* Build configuration list for PBXNativeTarget "HeySubstrate" */ = {
			isa = XCConfigurationList;
			buildConfigurations = (
				1D6058940D05DD3E006BFB54 /* Debug */,
				1D6058950D05DD3E006BFB54 /* Release */,
				80C76B68113DF7D90021C249 /* Distribution */,
			);
			defaultConfigurationIsVisible = 0;
			defaultConfigurationName = Release;
		};
		C01FCF4E08A954540054247B /* Build configuration list for PBXProject "SubstrateiPhone" */ = {
			isa = XCConfigurationList;
			buildConfigurations = (
				C01FCF4F08A954540054247B /* Debug */,
				C01FCF5008A954540054247B /* Release */,
				80C76B67113DF7D90021C249 /* Distribution */,
			);
			defaultConfigurationIsVisible = 0;
			defaultConfigurationName = Release;
		};
/* End XCConfigurationList section */
	};
	rootObject = 29B97313FDCFA39411CA2CEA /* Project object */;
}
